
Microsoft Visual Studio Solution File, Format Version 12.00
# Visual Studio 15
VisualStudioVersion = 15.0.26124.0
MinimumVisualStudioVersion = 15.0.26124.0
Project("{2150E333-8FDC-42A3-9474-1A3956D46DE8}") = "src", "src", "{0E83E87F-F780-4908-A89B-BB59F1AAB171}"
EndProject
Project("{FAE04EC0-301F-11D3-BF4B-00C04F79EFBC}") = "Dapper.Logging", "src\Dapper.Logging\Dapper.Logging.csproj", "{E7B84A8C-7A3D-4B0C-8A38-AD50A1E15F43}"
EndProject
Project("{2150E333-8FDC-42A3-9474-1A3956D46DE8}") = "samples", "samples", "{6BBD38EE-D799-4E04-9C6E-1D7CDD74111C}"
EndProject
Project("{FAE04EC0-301F-11D3-BF4B-00C04F79EFBC}") = "Api", "samples\Api\Api.csproj", "{69C68F59-AF57-429F-B6D0-6B10E575CA2B}"
EndProject
Project("{FAE04EC0-301F-11D3-BF4B-00C04F79EFBC}") = "Data", "samples\Data\Data.csproj", "{80E36714-5DCD-4C84-B94B-157D1059B0DB}"
EndProject
Global
	GlobalSection(SolutionConfigurationPlatforms) = preSolution
		Debug|Any CPU = Debug|Any CPU
		Debug|x64 = Debug|x64
		Debug|x86 = Debug|x86
		Release|Any CPU = Release|Any CPU
		Release|x64 = Release|x64
		Release|x86 = Release|x86
	EndGlobalSection
	GlobalSection(SolutionProperties) = preSolution
		HideSolutionNode = FALSE
	EndGlobalSection
	GlobalSection(ProjectConfigurationPlatforms) = postSolution
		{E7B84A8C-7A3D-4B0C-8A38-AD50A1E15F43}.Debug|Any CPU.ActiveCfg = Debug|Any CPU
		{E7B84A8C-7A3D-4B0C-8A38-AD50A1E15F43}.Debug|Any CPU.Build.0 = Debug|Any CPU
		{E7B84A8C-7A3D-4B0C-8A38-AD50A1E15F43}.Debug|x64.ActiveCfg = Debug|Any CPU
		{E7B84A8C-7A3D-4B0C-8A38-AD50A1E15F43}.Debug|x64.Build.0 = Debug|Any CPU
		{E7B84A8C-7A3D-4B0C-8A38-AD50A1E15F43}.Debug|x86.ActiveCfg = Debug|Any CPU
		{E7B84A8C-7A3D-4B0C-8A38-AD50A1E15F43}.Debug|x86.Build.0 = Debug|Any CPU
		{E7B84A8C-7A3D-4B0C-8A38-AD50A1E15F43}.Release|Any CPU.ActiveCfg = Release|Any CPU
		{E7B84A8C-7A3D-4B0C-8A38-AD50A1E15F43}.Release|Any CPU.Build.0 = Release|Any CPU
		{E7B84A8C-7A3D-4B0C-8A38-AD50A1E15F43}.Release|x64.ActiveCfg = Release|Any CPU
		{E7B84A8C-7A3D-4B0C-8A38-AD50A1E15F43}.Release|x64.Build.0 = Release|Any CPU
		{E7B84A8C-7A3D-4B0C-8A38-AD50A1E15F43}.Release|x86.ActiveCfg = Release|Any CPU
		{E7B84A8C-7A3D-4B0C-8A38-AD50A1E15F43}.Release|x86.Build.0 = Release|Any CPU
		{69C68F59-AF57-429F-B6D0-6B10E575CA2B}.Debug|Any CPU.ActiveCfg = Debug|Any CPU
		{69C68F59-AF57-429F-B6D0-6B10E575CA2B}.Debug|Any CPU.Build.0 = Debug|Any CPU
		{69C68F59-AF57-429F-B6D0-6B10E575CA2B}.Debug|x64.ActiveCfg = Debug|Any CPU
		{69C68F59-AF57-429F-B6D0-6B10E575CA2B}.Debug|x64.Build.0 = Debug|Any CPU
		{69C68F59-AF57-429F-B6D0-6B10E575CA2B}.Debug|x86.ActiveCfg = Debug|Any CPU
		{69C68F59-AF57-429F-B6D0-6B10E575CA2B}.Debug|x86.Build.0 = Debug|Any CPU
		{69C68F59-AF57-429F-B6D0-6B10E575CA2B}.Release|Any CPU.ActiveCfg = Release|Any CPU
		{69C68F59-AF57-429F-B6D0-6B10E575CA2B}.Release|Any CPU.Build.0 = Release|Any CPU
		{69C68F59-AF57-429F-B6D0-6B10E575CA2B}.Release|x64.ActiveCfg = Release|Any CPU
		{69C68F59-AF57-429F-B6D0-6B10E575CA2B}.Release|x64.Build.0 = Release|Any CPU
		{69C68F59-AF57-429F-B6D0-6B10E575CA2B}.Release|x86.ActiveCfg = Release|Any CPU
		{69C68F59-AF57-429F-B6D0-6B10E575CA2B}.Release|x86.Build.0 = Release|Any CPU
		{80E36714-5DCD-4C84-B94B-157D1059B0DB}.Debug|Any CPU.ActiveCfg = Debug|Any CPU
		{80E36714-5DCD-4C84-B94B-157D1059B0DB}.Debug|Any CPU.Build.0 = Debug|Any CPU
		{80E36714-5DCD-4C84-B94B-157D1059B0DB}.Debug|x64.ActiveCfg = Debug|Any CPU
		{80E36714-5DCD-4C84-B94B-157D1059B0DB}.Debug|x64.Build.0 = Debug|Any CPU
		{80E36714-5DCD-4C84-B94B-157D1059B0DB}.Debug|x86.ActiveCfg = Debug|Any CPU
		{80E36714-5DCD-4C84-B94B-157D1059B0DB}.Debug|x86.Build.0 = Debug|Any CPU
		{80E36714-5DCD-4C84-B94B-157D1059B0DB}.Release|Any CPU.ActiveCfg = Release|Any CPU
		{80E36714-5DCD-4C84-B94B-157D1059B0DB}.Release|Any CPU.Build.0 = Release|Any CPU
		{80E36714-5DCD-4C84-B94B-157D1059B0DB}.Release|x64.ActiveCfg = Release|Any CPU
		{80E36714-5DCD-4C84-B94B-157D1059B0DB}.Release|x64.Build.0 = Release|Any CPU
		{80E36714-5DCD-4C84-B94B-157D1059B0DB}.Release|x86.ActiveCfg = Release|Any CPU
		{80E36714-5DCD-4C84-B94B-157D1059B0DB}.Release|x86.Build.0 = Release|Any CPU
	EndGlobalSection
	GlobalSection(NestedProjects) = preSolution
		{E7B84A8C-7A3D-4B0C-8A38-AD50A1E15F43} = {0E83E87F-F780-4908-A89B-BB59F1AAB171}
		{69C68F59-AF57-429F-B6D0-6B10E575CA2B} = {6BBD38EE-D799-4E04-9C6E-1D7CDD74111C}
		{80E36714-5DCD-4C84-B94B-157D1059B0DB} = {6BBD38EE-D799-4E04-9C6E-1D7CDD74111C}
	EndGlobalSection
EndGlobal
